
Microsoft Visual Studio Solution File, Format Version 12.00
# Visual Studio 15
VisualStudioVersion = 15.0.28307.271
MinimumVisualStudioVersion = 10.0.40219.1
Project("{FAE04EC0-301F-11D3-BF4B-00C04F79EFBC}") = "BitCoin Presentation", "BitCoin Presentation\BitCoin Presentation.csproj", "{66BC65F7-A493-4643-99C7-14A09DF2CA4C}"
EndProject
Global
	GlobalSection(SolutionConfigurationPlatforms) = preSolution
		Debug|Any CPU = Debug|Any CPU
		Release|Any CPU = Release|Any CPU
	EndGlobalSection
	GlobalSection(ProjectConfigurationPlatforms) = postSolution
		{66BC65F7-A493-4643-99C7-14A09DF2CA4C}.Debug|Any CPU.ActiveCfg = Debug|Any CPU
		{66BC65F7-A493-4643-99C7-14A09DF2CA4C}.Debug|Any CPU.Build.0 = Debug|Any CPU
		{66BC65F7-A493-4643-99C7-14A09DF2CA4C}.Release|Any CPU.ActiveCfg = Release|Any CPU
		{66BC65F7-A493-4643-99C7-14A09DF2CA4C}.Release|Any CPU.Build.0 = Release|Any CPU
	EndGlobalSection
	GlobalSection(SolutionProperties) = preSolution
		HideSolutionNode = FALSE
	EndGlobalSection
	GlobalSection(ExtensibilityGlobals) = postSolution
		SolutionGuid = {E711A774-F916-43CD-8697-1718060DB713}
	EndGlobalSection
EndGlobal
